
Microsoft Visual Studio Solution File, Format Version 12.00
# Visual Studio Version 17
VisualStudioVersion = 17.6.33815.320
MinimumVisualStudioVersion = 10.0.40219.1
Project("{FAE04EC0-301F-11D3-BF4B-00C04F79EFBC}") = "WinCaptureSaver", "clip2\WinCaptureSaver.csproj", "{8E53016A-24E6-4ECC-9485-F641A289A57B}"
EndProject
Global
	GlobalSection(SolutionConfigurationPlatforms) = preSolution
		Debug|Any CPU = Debug|Any CPU
		Release|Any CPU = Release|Any CPU
	EndGlobalSection
	GlobalSection(ProjectConfigurationPlatforms) = postSolution
		{8E53016A-24E6-4ECC-9485-F641A289A57B}.Debug|Any CPU.ActiveCfg = Debug|Any CPU
		{8E53016A-24E6-4ECC-9485-F641A289A57B}.Debug|Any CPU.Build.0 = Debug|Any CPU
		{8E53016A-24E6-4ECC-9485-F641A289A57B}.Release|Any CPU.ActiveCfg = Release|Any CPU
		{8E53016A-24E6-4ECC-9485-F641A289A57B}.Release|Any CPU.Build.0 = Release|Any CPU
	EndGlobalSection
	GlobalSection(SolutionProperties) = preSolution
		HideSolutionNode = FALSE
	EndGlobalSection
	GlobalSection(ExtensibilityGlobals) = postSolution
		SolutionGuid = {3796C481-957F-4334-8CA0-21ECBDB70CB8}
	EndGlobalSection
EndGlobal
